<?xml version="1.0" encoding="utf-8"?>
<Project ToolsVersion="4.0" xmlns="http://schemas.microsoft.com/developer/msbuild/2003">
  <ItemGroup>
    <Filter Include="Source Files">
      <UniqueIdentifier>{4FC737F1-C7A5-4376-A066-2A32D752A2FF}</UniqueIdentifier>
      <Extensions>cpp;c;cc;cxx;def;odl;idl;hpj;bat;asm;asmx</Extensions>
    </Filter>
    <Filter Include="Header Files">
      <UniqueIdentifier>{93995380-89BD-4b04-88EB-625FBE52EBFB}</UniqueIdentifier>
      <Extensions>h;hh;hpp;hxx;hm;inl;inc;xsd</Extensions>
    </Filter>
    <Filter Include="Resource Files">
      <UniqueIdentifier>{67DA6AB6-F800-4c08-8B7A-83BB121AAD01}</UniqueIdentifier>
      <Extensions>rc;ico;cur;bmp;dlg;rc2;rct;bin;rgs;gif;jpg;jpeg;jpe;resx;tiff;tif;png;wav;mfcribbon-ms</Extensions>
    </Filter>
    <Filter Include="Source Files\jetfuelcontrol">
      <UniqueIdentifier>{6f792119-fdba-425e-99c3-4b5b292a2f63}</UniqueIdentifier>
    </Filter>
    <Filter Include="Source Files\jetfuelcore">
      <UniqueIdentifier>{c2f4b180-da7e-4eee-aa9c-053e3ad14929}</UniqueIdentifier>
    </Filter>
    <Filter Include="Source Files\jetfueldraw">
      <UniqueIdentifier>{9399cf8a-0f4f-443e-86f1-2b373e22c3b7}</UniqueIdentifier>
    </Filter>
    <Filter Include="Source Files\jetfuelgui">
      <UniqueIdentifier>{79d8d311-cbfd-41e0-9010-d1c28cdba906}</UniqueIdentifier>
    </Filter>
    <Filter Include="Source Files\jetfuelinspire">
      <UniqueIdentifier>{a0fd8101-721a-41cc-b1f3-d36f595ad601}</UniqueIdentifier>
    </Filter>
    <Filter Include="Source Files\jetfuellocale">
      <UniqueIdentifier>{a635d0ae-0be3-4a34-aa62-f52a086f0ccc}</UniqueIdentifier>
    </Filter>
    <Filter Include="Source Files\jetfuelmedia">
      <UniqueIdentifier>{60d43854-00f1-46bf-9dd9-895f5777739f}</UniqueIdentifier>
    </Filter>
    <Filter Include="Header Files\jetfuelcontrol">
      <UniqueIdentifier>{ed43dfdb-2ec2-4436-9c39-df21bc761124}</UniqueIdentifier>
    </Filter>
    <Filter Include="Header Files\jetfuelcore">
      <UniqueIdentifier>{83686646-391d-497b-acc5-8192ec75a743}</UniqueIdentifier>
    </Filter>
    <Filter Include="Header Files\jetfueldraw">
      <UniqueIdentifier>{088bc5f1-21f3-445d-8e1b-344f460bad41}</UniqueIdentifier>
    </Filter>
    <Filter Include="Header Files\jetfuelgui">
      <UniqueIdentifier>{869675ea-9012-4486-bf64-1ebeef2f6ae0}</UniqueIdentifier>
    </Filter>
    <Filter Include="Header Files\jetfuelinspire">
      <UniqueIdentifier>{0444ff0e-a504-44b4-b454-7236ee023814}</UniqueIdentifier>
    </Filter>
    <Filter Include="Header Files\jetfuellocale">
      <UniqueIdentifier>{a8090060-066c-4866-8a54-6ec276fefe4c}</UniqueIdentifier>
    </Filter>
    <Filter Include="Header Files\jetfuelmedia">
      <UniqueIdentifier>{a8c47f34-0801-450f-a3dd-ae92ad90a5f2}</UniqueIdentifier>
    </Filter>
  </ItemGroup>
  <ItemGroup>
    <ClCompile Include="..\..\..\src\jetfuelcontrol\UISinterpreter.cpp">
      <Filter>Source Files\jetfuelcontrol</Filter>
    </ClCompile>
    <ClCompile Include="..\..\..\src\jetfuelcontrol\UISmanager.cpp">
      <Filter>Source Files\jetfuelcontrol</Filter>
    </ClCompile>
    <ClCompile Include="..\..\..\src\jetfuelcore\messagebus.cpp">
      <Filter>Source Files\jetfuelcore</Filter>
    </ClCompile>
    <ClCompile Include="..\..\..\src\jetfueldraw\circle2dshape.cpp">
      <Filter>Source Files\jetfueldraw</Filter>
    </ClCompile>
    <ClCompile Include="..\..\..\src\jetfueldraw\color.cpp">
      <Filter>Source Files\jetfueldraw</Filter>
    </ClCompile>
    <ClCompile Include="..\..\..\src\jetfueldraw\font.cpp">
      <Filter>Source Files\jetfueldraw</Filter>
    </ClCompile>
    <ClCompile Include="..\..\..\src\jetfueldraw\image.cpp">
      <Filter>Source Files\jetfueldraw</Filter>
    </ClCompile>
    <ClCompile Include="..\..\..\src\jetfueldraw\rectangle2dshape.cpp">
      <Filter>Source Files\jetfueldraw</Filter>
    </ClCompile>
    <ClCompile Include="..\..\..\src\jetfueldraw\scene.cpp">
      <Filter>Source Files\jetfueldraw</Filter>
    </ClCompile>
    <ClCompile Include="..\..\..\src\jetfueldraw\scenemanager.cpp">
      <Filter>Source Files\jetfueldraw</Filter>
    </ClCompile>
    <ClCompile Include="..\..\..\src\jetfueldraw\sprite.cpp">
      <Filter>Source Files\jetfueldraw</Filter>
    </ClCompile>
    <ClCompile Include="..\..\..\src\jetfueldraw\text.cpp">
      <Filter>Source Files\jetfueldraw</Filter>
    </ClCompile>
    <ClCompile Include="..\..\..\src\jetfuelgui\button.cpp">
      <Filter>Source Files\jetfuelgui</Filter>
    </ClCompile>
    <ClCompile Include="..\..\..\src\jetfuelgui\checkbox.cpp">
      <Filter>Source Files\jetfuelgui</Filter>
    </ClCompile>
    <ClCompile Include="..\..\..\src\jetfuelgui\dropdownbox.cpp">
      <Filter>Source Files\jetfuelgui</Filter>
    </ClCompile>
    <ClCompile Include="..\..\..\src\jetfuelgui\menu.cpp">
      <Filter>Source Files\jetfuelgui</Filter>
    </ClCompile>
    <ClCompile Include="..\..\..\src\jetfuelgui\progressbar.cpp">
      <Filter>Source Files\jetfuelgui</Filter>
    </ClCompile>
    <ClCompile Include="..\..\..\src\jetfuelgui\slider.cpp">
      <Filter>Source Files\jetfuelgui</Filter>
    </ClCompile>
    <ClCompile Include="..\..\..\src\jetfuelinspire\pythonclassloader.cpp">
      <Filter>Source Files\jetfuelinspire</Filter>
    </ClCompile>
    <ClCompile Include="..\..\..\src\jetfuelinspire\pythonmoduleloader.cpp">
      <Filter>Source Files\jetfuelinspire</Filter>
    </ClCompile>
    <ClCompile Include="..\..\..\src\jetfuellocale\stringlocalefile.cpp">
      <Filter>Source Files\jetfuellocale</Filter>
    </ClCompile>
    <ClCompile Include="..\..\..\src\jetfuelmedia\music.cpp">
      <Filter>Source Files\jetfuelmedia</Filter>
    </ClCompile>
    <ClCompile Include="..\..\..\src\jetfuelmedia\soundeffect.cpp">
      <Filter>Source Files\jetfuelmedia</Filter>
    </ClCompile>
  </ItemGroup>
  <ItemGroup>
    <ClInclude Include="..\..\..\include\config.h">
      <Filter>Header Files</Filter>
    </ClInclude>
    <ClInclude Include="..\..\..\include\jetfuelcontrol.h">
      <Filter>Header Files</Filter>
    </ClInclude>
    <ClInclude Include="..\..\..\include\jetfuelcore.h">
      <Filter>Header Files</Filter>
    </ClInclude>
    <ClInclude Include="..\..\..\include\jetfueldraw.h">
      <Filter>Header Files</Filter>
    </ClInclude>
    <ClInclude Include="..\..\..\include\jetfuelgui.h">
      <Filter>Header Files</Filter>
    </ClInclude>
    <ClInclude Include="..\..\..\include\jetfuelinspire.h">
      <Filter>Header Files</Filter>
    </ClInclude>
    <ClInclude Include="..\..\..\include\jetfuellocale.h">
      <Filter>Header Files</Filter>
    </ClInclude>
    <ClInclude Include="..\..\..\include\jetfuelmedia.h">
      <Filter>Header Files</Filter>
    </ClInclude>
    <ClInclude Include="..\..\..\include\jetfuelcontrol\UISinterpreter.h">
      <Filter>Header Files\jetfuelcontrol</Filter>
    </ClInclude>
    <ClInclude Include="..\..\..\include\jetfuelcontrol\UISmanager.h">
      <Filter>Header Files\jetfuelcontrol</Filter>
    </ClInclude>
    <ClInclude Include="..\..\..\include\jetfuelcore\messagebus.h">
      <Filter>Header Files\jetfuelcore</Filter>
    </ClInclude>
    <ClInclude Include="..\..\..\include\jetfuelcore\timer.h">
      <Filter>Header Files\jetfuelcore</Filter>
    </ClInclude>
    <ClInclude Include="..\..\..\include\jetfuelgui\button.h">
      <Filter>Header Files\jetfuelgui</Filter>
    </ClInclude>
    <ClInclude Include="..\..\..\include\jetfuelgui\checkbox.h">
      <Filter>Header Files\jetfuelgui</Filter>
    </ClInclude>
    <ClInclude Include="..\..\..\include\jetfuelgui\dropdownbox.h">
      <Filter>Header Files\jetfuelgui</Filter>
    </ClInclude>
    <ClInclude Include="..\..\..\include\jetfuelgui\iclickable.h">
      <Filter>Header Files\jetfuelgui</Filter>
    </ClInclude>
    <ClInclude Include="..\..\..\include\jetfuelgui\menu.h">
      <Filter>Header Files\jetfuelgui</Filter>
    </ClInclude>
    <ClInclude Include="..\..\..\include\jetfuelgui\progressbar.h">
      <Filter>Header Files\jetfuelgui</Filter>
    </ClInclude>
    <ClInclude Include="..\..\..\include\jetfuelgui\slider.h">
      <Filter>Header Files\jetfuelgui</Filter>
    </ClInclude>
    <ClInclude Include="..\..\..\include\jetfueldraw\circle2d.h">
      <Filter>Header Files\jetfueldraw</Filter>
    </ClInclude>
    <ClInclude Include="..\..\..\include\jetfueldraw\circle2dshape.h">
      <Filter>Header Files\jetfueldraw</Filter>
    </ClInclude>
    <ClInclude Include="..\..\..\include\jetfueldraw\circleinterface.h">
      <Filter>Header Files\jetfueldraw</Filter>
    </ClInclude>
    <ClInclude Include="..\..\..\include\jetfueldraw\color.h">
      <Filter>Header Files\jetfueldraw</Filter>
    </ClInclude>
    <ClInclude Include="..\..\..\include\jetfueldraw\drawable.h">
      <Filter>Header Files\jetfueldraw</Filter>
    </ClInclude>
    <ClInclude Include="..\..\..\include\jetfueldraw\font.h">
      <Filter>Header Files\jetfueldraw</Filter>
    </ClInclude>
    <ClInclude Include="..\..\..\include\jetfueldraw\image.h">
      <Filter>Header Files\jetfueldraw</Filter>
    </ClInclude>
    <ClInclude Include="..\..\..\include\jetfueldraw\rect2d.h">
      <Filter>Header Files\jetfueldraw</Filter>
    </ClInclude>
    <ClInclude Include="..\..\..\include\jetfueldraw\rectangle2dshape.h">
      <Filter>Header Files\jetfueldraw</Filter>
    </ClInclude>
    <ClInclude Include="..\..\..\include\jetfueldraw\rectangleinterface.h">
      <Filter>Header Files\jetfueldraw</Filter>
    </ClInclude>
    <ClInclude Include="..\..\..\include\jetfueldraw\scene.h">
      <Filter>Header Files\jetfueldraw</Filter>
    </ClInclude>
    <ClInclude Include="..\..\..\include\jetfueldraw\scenemanager.h">
      <Filter>Header Files\jetfueldraw</Filter>
    </ClInclude>
    <ClInclude Include="..\..\..\include\jetfueldraw\sprite.h">
      <Filter>Header Files\jetfueldraw</Filter>
    </ClInclude>
    <ClInclude Include="..\..\..\include\jetfueldraw\text.h">
      <Filter>Header Files\jetfueldraw</Filter>
    </ClInclude>
    <ClInclude Include="..\..\..\include\jetfueldraw\vector2d.h">
      <Filter>Header Files\jetfueldraw</Filter>
    </ClInclude>
    <ClInclude Include="..\..\..\include\jetfuelinspire\pointerbridge.h">
      <Filter>Header Files\jetfuelinspire</Filter>
    </ClInclude>
    <ClInclude Include="..\..\..\include\jetfuelinspire\pythonclassloader.h">
      <Filter>Header Files\jetfuelinspire</Filter>
    </ClInclude>
    <ClInclude Include="..\..\..\include\jetfuelinspire\pythonmoduleloader.h">
      <Filter>Header Files\jetfuelinspire</Filter>
    </ClInclude>
    <ClInclude Include="..\..\..\include\jetfuellocale\stringlocalefile.h">
      <Filter>Header Files\jetfuellocale</Filter>
    </ClInclude>
    <ClInclude Include="..\..\..\include\jetfuellocale\stringlocalemanager.h">
      <Filter>Header Files\jetfuellocale</Filter>
    </ClInclude>
    <ClInclude Include="..\..\..\include\jetfuelmedia\music.h">
      <Filter>Header Files\jetfuelmedia</Filter>
    </ClInclude>
    <ClInclude Include="..\..\..\include\jetfuelmedia\sound.h">
      <Filter>Header Files\jetfuelmedia</Filter>
    </ClInclude>
    <ClInclude Include="..\..\..\include\jetfuelmedia\soundeffect.h">
      <Filter>Header Files\jetfuelmedia</Filter>
    </ClInclude>
  </ItemGroup>
</Project>